
Microsoft Visual Studio Solution File, Format Version 12.00
# Visual Studio Version 16
VisualStudioVersion = 16.0.30128.74
MinimumVisualStudioVersion = 10.0.40219.1
Project("{FAE04EC0-301F-11D3-BF4B-00C04F79EFBC}") = "WebApiOne", "WebApiOne.csproj", "{30636BE1-D1A8-4A3A-851F-BF51C1924513}"
EndProject
Project("{FAE04EC0-301F-11D3-BF4B-00C04F79EFBC}") = "DataAccess", "..\DataAccess\DataAccess.csproj", "{ECA1D772-B03C-4870-9756-E97208F072A4}"
EndProject
Global
	GlobalSection(SolutionConfigurationPlatforms) = preSolution
		Debug|Any CPU = Debug|Any CPU
		Release|Any CPU = Release|Any CPU
	EndGlobalSection
	GlobalSection(ProjectConfigurationPlatforms) = postSolution
		{30636BE1-D1A8-4A3A-851F-BF51C1924513}.Debug|Any CPU.ActiveCfg = Debug|Any CPU
		{30636BE1-D1A8-4A3A-851F-BF51C1924513}.Debug|Any CPU.Build.0 = Debug|Any CPU
		{30636BE1-D1A8-4A3A-851F-BF51C1924513}.Release|Any CPU.ActiveCfg = Release|Any CPU
		{30636BE1-D1A8-4A3A-851F-BF51C1924513}.Release|Any CPU.Build.0 = Release|Any CPU
		{ECA1D772-B03C-4870-9756-E97208F072A4}.Debug|Any CPU.ActiveCfg = Debug|Any CPU
		{ECA1D772-B03C-4870-9756-E97208F072A4}.Debug|Any CPU.Build.0 = Debug|Any CPU
		{ECA1D772-B03C-4870-9756-E97208F072A4}.Release|Any CPU.ActiveCfg = Release|Any CPU
		{ECA1D772-B03C-4870-9756-E97208F072A4}.Release|Any CPU.Build.0 = Release|Any CPU
	EndGlobalSection
	GlobalSection(SolutionProperties) = preSolution
		HideSolutionNode = FALSE
	EndGlobalSection
	GlobalSection(ExtensibilityGlobals) = postSolution
		SolutionGuid = {B4B50EC8-93C9-4EDE-A083-5319154A4353}
	EndGlobalSection
EndGlobal
